<?xml version="1.0" encoding="utf-8"?>
<Project ToolsVersion="4.0" xmlns="http://schemas.microsoft.com/developer/msbuild/2003">
  <ItemGroup>
    <ClCompile Include="Deck.cpp">
      <Filter>Object\UI</Filter>
    </ClCompile>
    <ClCompile Include="KeyMgr.cpp">
      <Filter>Manager</Filter>
    </ClCompile>
    <ClCompile Include="LobbyScene.cpp">
      <Filter>Scene</Filter>
    </ClCompile>
    <ClCompile Include="LogoScene.cpp">
      <Filter>Scene</Filter>
    </ClCompile>
    <ClCompile Include="GameScene.cpp">
      <Filter>Scene</Filter>
    </ClCompile>
    <ClCompile Include="MapEditor.cpp">
      <Filter>Scene</Filter>
    </ClCompile>
    <ClCompile Include="Object.cpp">
      <Filter>Object</Filter>
    </ClCompile>
    <ClCompile Include="MouseMgr.cpp">
      <Filter>Manager</Filter>
    </ClCompile>
    <ClCompile Include="myMap.cpp">
      <Filter>Map</Filter>
    </ClCompile>
    <ClCompile Include="Build.cpp">
      <Filter>Object\Build</Filter>
    </ClCompile>
    <ClCompile Include="myUnit.cpp">
      <Filter>Object\Unit</Filter>
    </ClCompile>
    <ClCompile Include="ObjectManager.cpp">
      <Filter>Manager</Filter>
    </ClCompile>
    <ClCompile Include="UICrown.cpp">
      <Filter>Object\UI</Filter>
    </ClCompile>
    <ClCompile Include="UIDeckWnd.cpp">
      <Filter>Object\UI</Filter>
    </ClCompile>
    <ClCompile Include="SingleTon.cpp">
      <Filter>Manager</Filter>
    </ClCompile>
    <ClCompile Include="SoundMgr.cpp">
      <Filter>Manager</Filter>
    </ClCompile>
    <ClCompile Include="SceneManager.cpp">
      <Filter>Manager</Filter>
    </ClCompile>
    <ClCompile Include="Scene.cpp">
      <Filter>Scene</Filter>
    </ClCompile>
    <ClCompile Include="MainFrm.cpp">
      <Filter>App</Filter>
    </ClCompile>
    <ClCompile Include="GP_subproject_first.cpp">
      <Filter>App</Filter>
    </ClCompile>
    <ClCompile Include="ChildView.cpp">
      <Filter>App</Filter>
    </ClCompile>
    <ClCompile Include="SearchTree.cpp">
      <Filter>Pattern\1.SearchTree</Filter>
    </ClCompile>
    <ClCompile Include="ViewUnit.cpp">
      <Filter>Object\Unit</Filter>
    </ClCompile>
    <ClCompile Include="pch.cpp">
      <Filter>Header</Filter>
    </ClCompile>
    <ClCompile Include="BehaviorTree.cpp">
      <Filter>Pattern\4.BehaviorTree</Filter>
    </ClCompile>
    <ClCompile Include="state.cpp">
      <Filter>Pattern\3.State</Filter>
    </ClCompile>
    <ClCompile Include="Command.cpp">
      <Filter>Pattern\5.Command</Filter>
    </ClCompile>
    <ClCompile Include="Action.cpp">
      <Filter>Pattern\6.Action</Filter>
    </ClCompile>
    <ClCompile Include="Actor.cpp">
      <Filter>Pattern\6.Action</Filter>
    </ClCompile>
    <ClCompile Include="UIPopup.cpp">
      <Filter>Object\UI</Filter>
    </ClCompile>
    <ClCompile Include="UIHpbar.cpp">
      <Filter>Object\UI</Filter>
    </ClCompile>
    <ClCompile Include="UITime.cpp">
      <Filter>Object\UI</Filter>
    </ClCompile>
    <ClCompile Include="UIEilxirbar.cpp">
      <Filter>Object\UI</Filter>
    </ClCompile>
    <ClCompile Include="Bullet.cpp">
      <Filter>Object\Bullet</Filter>
    </ClCompile>
    <ClCompile Include="UIButton.cpp">
      <Filter>Object\UI</Filter>
    </ClCompile>
  </ItemGroup>
  <ItemGroup>
    <ClInclude Include="Deck.h">
      <Filter>Object\UI</Filter>
    </ClInclude>
    <ClInclude Include="KeyMgr.h">
      <Filter>Manager</Filter>
    </ClInclude>
    <ClInclude Include="LobbyScene.h">
      <Filter>Scene</Filter>
    </ClInclude>
    <ClInclude Include="LogoScene.h">
      <Filter>Scene</Filter>
    </ClInclude>
    <ClInclude Include="GameScene.h">
      <Filter>Scene</Filter>
    </ClInclude>
    <ClInclude Include="MapEditor.h">
      <Filter>Scene</Filter>
    </ClInclude>
    <ClInclude Include="Object.h">
      <Filter>Object</Filter>
    </ClInclude>
    <ClInclude Include="MouseMgr.h">
      <Filter>Manager</Filter>
    </ClInclude>
    <ClInclude Include="myMap.h">
      <Filter>Map</Filter>
    </ClInclude>
    <ClInclude Include="Build.h">
      <Filter>Object\Build</Filter>
    </ClInclude>
    <ClInclude Include="myUnit.h">
      <Filter>Object\Unit</Filter>
    </ClInclude>
    <ClInclude Include="ObjectManager.h">
      <Filter>Manager</Filter>
    </ClInclude>
    <ClInclude Include="UICrown.h">
      <Filter>Object\UI</Filter>
    </ClInclude>
    <ClInclude Include="UIDeckWnd.h">
      <Filter>Object\UI</Filter>
    </ClInclude>
    <ClInclude Include="SingleTon.h">
      <Filter>Manager</Filter>
    </ClInclude>
    <ClInclude Include="SoundMgr.h">
      <Filter>Manager</Filter>
    </ClInclude>
    <ClInclude Include="SceneManager.h">
      <Filter>Manager</Filter>
    </ClInclude>
    <ClInclude Include="Scene.h">
      <Filter>Scene</Filter>
    </ClInclude>
    <ClInclude Include="MainFrm.h">
      <Filter>App</Filter>
    </ClInclude>
    <ClInclude Include="GP_subproject_first.h">
      <Filter>App</Filter>
    </ClInclude>
    <ClInclude Include="framework.h">
      <Filter>App</Filter>
    </ClInclude>
    <ClInclude Include="Resource.h">
      <Filter>App</Filter>
    </ClInclude>
    <ClInclude Include="targetver.h">
      <Filter>App</Filter>
    </ClInclude>
    <ClInclude Include="ChildView.h">
      <Filter>App</Filter>
    </ClInclude>
    <ClInclude Include="SearchTree.h">
      <Filter>Pattern\1.SearchTree</Filter>
    </ClInclude>
    <ClInclude Include="ViewUnit.h">
      <Filter>Object\Unit</Filter>
    </ClInclude>
    <ClInclude Include="pch.h">
      <Filter>Header</Filter>
    </ClInclude>
    <ClInclude Include="BehaviorTree.h">
      <Filter>Pattern\4.BehaviorTree</Filter>
    </ClInclude>
    <ClInclude Include="state.h">
      <Filter>Pattern\3.State</Filter>
    </ClInclude>
    <ClInclude Include="Define.h">
      <Filter>Header</Filter>
    </ClInclude>
    <ClInclude Include="Command.h">
      <Filter>Pattern\5.Command</Filter>
    </ClInclude>
    <ClInclude Include="Action.h">
      <Filter>Pattern\6.Action</Filter>
    </ClInclude>
    <ClInclude Include="Actor.h">
      <Filter>Pattern\6.Action</Filter>
    </ClInclude>
    <ClInclude Include="common.h">
      <Filter>Header</Filter>
    </ClInclude>
    <ClInclude Include="UIPopup.h">
      <Filter>Object\UI</Filter>
    </ClInclude>
    <ClInclude Include="UIHpbar.h">
      <Filter>Object\UI</Filter>
    </ClInclude>
    <ClInclude Include="UITime.h">
      <Filter>Object\UI</Filter>
    </ClInclude>
    <ClInclude Include="UIElixirbar.h">
      <Filter>Object\UI</Filter>
    </ClInclude>
    <ClInclude Include="bullet.h">
      <Filter>Object\Bullet</Filter>
    </ClInclude>
    <ClInclude Include="UIButton.h">
      <Filter>Object\UI</Filter>
    </ClInclude>
  </ItemGroup>
  <ItemGroup>
    <Filter Include="Manager">
      <UniqueIdentifier>{1da3e5bb-3b11-4d8d-8b63-5d530aa28219}</UniqueIdentifier>
    </Filter>
    <Filter Include="Map">
      <UniqueIdentifier>{aa461e8e-90c7-443e-ad71-355a7656697c}</UniqueIdentifier>
    </Filter>
    <Filter Include="Scene">
      <UniqueIdentifier>{378d2aec-e3ec-4161-b3d8-21d1ef4525ad}</UniqueIdentifier>
    </Filter>
    <Filter Include="Astar">
      <UniqueIdentifier>{cbf85ebf-987e-4b31-a033-a21692811dc9}</UniqueIdentifier>
    </Filter>
    <Filter Include="Object">
      <UniqueIdentifier>{ec34d80e-bdc7-426c-a4a7-9520ee66b942}</UniqueIdentifier>
    </Filter>
    <Filter Include="Object\UI">
      <UniqueIdentifier>{85f7b98c-9c8d-421f-8616-c5e32ef4efd3}</UniqueIdentifier>
    </Filter>
    <Filter Include="Object\Unit">
      <UniqueIdentifier>{663e3ce6-4b21-499d-8e98-1ce10f54f13a}</UniqueIdentifier>
    </Filter>
    <Filter Include="Object\Deck">
      <UniqueIdentifier>{9ce0fddf-a68f-44ed-9233-0c0544a92714}</UniqueIdentifier>
    </Filter>
    <Filter Include="Object\Build">
      <UniqueIdentifier>{79c3a083-1f0f-4092-aab8-6da20341349a}</UniqueIdentifier>
    </Filter>
    <Filter Include="Pattern">
      <UniqueIdentifier>{e65f60b0-435c-471e-9ec7-08d7e20a5466}</UniqueIdentifier>
    </Filter>
    <Filter Include="App">
      <UniqueIdentifier>{6657b20b-752a-4a60-86be-2b50953336f9}</UniqueIdentifier>
    </Filter>
    <Filter Include="Header">
      <UniqueIdentifier>{975e1d89-618a-4eb5-9b5a-d7a9e8837184}</UniqueIdentifier>
    </Filter>
    <Filter Include="Pattern\1.SearchTree">
      <UniqueIdentifier>{9499c62a-f93c-4d29-bb7c-2e84ea079ef5}</UniqueIdentifier>
    </Filter>
    <Filter Include="Pattern\2.Singleton">
      <UniqueIdentifier>{7dc0d4a2-1310-4f58-af92-6c7565caec5b}</UniqueIdentifier>
    </Filter>
    <Filter Include="Pattern\3.State">
      <UniqueIdentifier>{eaa780ad-da16-48f9-a508-31957a9be8f2}</UniqueIdentifier>
    </Filter>
    <Filter Include="Pattern\4.BehaviorTree">
      <UniqueIdentifier>{e74a6064-fa14-4933-871b-3d443575f5f1}</UniqueIdentifier>
    </Filter>
    <Filter Include="Pattern\5.Command">
      <UniqueIdentifier>{39b78873-424e-45bd-bb35-e9ef5b1bc045}</UniqueIdentifier>
    </Filter>
    <Filter Include="Pattern\6.Action">
      <UniqueIdentifier>{00076d26-e9be-485a-a473-93be1b96d91c}</UniqueIdentifier>
    </Filter>
    <Filter Include="Object\Bullet">
      <UniqueIdentifier>{c727d566-6b46-4cdd-9caa-83f649983633}</UniqueIdentifier>
    </Filter>
  </ItemGroup>
  <ItemGroup>
    <None Include="res\GPsubprojectfirst.rc2">
      <Filter>App</Filter>
    </None>
  </ItemGroup>
  <ItemGroup>
    <ResourceCompile Include="GPsubprojectfirst.rc">
      <Filter>App</Filter>
    </ResourceCompile>
  </ItemGroup>
  <ItemGroup>
    <Image Include="res\GP_subproject_first.ico">
      <Filter>App</Filter>
    </Image>
  </ItemGroup>
</Project>